lockfileVersion: '9.0'

settings:
  autoInstallPeers: true
  excludeLinksFromLockfile: false

importers:

  .:
    dependencies:
      '@nestjs/mapped-types':
        specifier: ^2.1.0
        version: 2.1.0(@nestjs/common@11.0.9(class-transformer@0.5.1)(class-validator@0.14.1)(reflect-metadata@0.2.2)(rxjs@7.8.1))(class-transformer@0.5.1)(class-validator@0.14.1)(reflect-metadata@0.2.2)
    devDependencies:
      '@repo/typescript-config':
        specifier: workspace:*
        version: link:../typescript-config
      '@types/node':
        specifier: ^22.13.2
        version: 22.13.2
      class-transformer:
        specifier: ^0.5.1
        version: 0.5.1
      class-validator:
        specifier: ^0.14.1
        version: 0.14.1
      typescript:
        specifier: ^5.0.0
        version: 5.7.3

packages:

  '@lukeed/csprng@1.1.0':
    resolution: {integrity: sha512-Z7C/xXCiGWsg0KuKsHTKJxbWhpI3Vs5GwLfOean7MGyVFGqdRgBbAjOCh6u4bbjPc/8MJ2pZmK/0DLdCbivLDA==}
    engines: {node: '>=8'}

  '@nestjs/common@11.0.9':
    resolution: {integrity: sha512-+SKMYQE7O55tJGQVibnAlR9sXRBCF/8gM1cILdLT7cLj7+51NYD7eAHuAcGYiQIyXsTehZoO7C+B7S3ibNi3aw==}
    peerDependencies:
      class-transformer: '*'
      class-validator: '*'
      reflect-metadata: ^0.1.12 || ^0.2.0
      rxjs: ^7.1.0
    peerDependenciesMeta:
      class-transformer:
        optional: true
      class-validator:
        optional: true

  '@nestjs/mapped-types@2.1.0':
    resolution: {integrity: sha512-W+n+rM69XsFdwORF11UqJahn4J3xi4g/ZEOlJNL6KoW5ygWSmBB2p0S2BZ4FQeS/NDH72e6xIcu35SfJnE8bXw==}
    peerDependencies:
      '@nestjs/common': ^10.0.0 || ^11.0.0
      class-transformer: ^0.4.0 || ^0.5.0
      class-validator: ^0.13.0 || ^0.14.0
      reflect-metadata: ^0.1.12 || ^0.2.0
    peerDependenciesMeta:
      class-transformer:
        optional: true
      class-validator:
        optional: true

  '@types/node@22.13.2':
    resolution: {integrity: sha512-Z+r8y3XL9ZpI2EY52YYygAFmo2/oWfNSj4BCpAXE2McAexDk8VcnBMGC9Djn9gTKt4d2T/hhXqmPzo4hfIXtTg==}

  '@types/validator@13.12.2':
    resolution: {integrity: sha512-6SlHBzUW8Jhf3liqrGGXyTJSIFe4nqlJ5A5KaMZ2l/vbM3Wh3KSybots/wfWVzNLK4D1NZluDlSQIbIEPx6oyA==}

  class-transformer@0.5.1:
    resolution: {integrity: sha512-SQa1Ws6hUbfC98vKGxZH3KFY0Y1lm5Zm0SY8XX9zbK7FJCyVEac3ATW0RIpwzW+oOfmHE5PMPufDG9hCfoEOMw==}

  class-validator@0.14.1:
    resolution: {integrity: sha512-2VEG9JICxIqTpoK1eMzZqaV+u/EiwEJkMGzTrZf6sU/fwsnOITVgYJ8yojSy6CaXtO9V0Cc6ZQZ8h8m4UBuLwQ==}

  iterare@1.2.1:
    resolution: {integrity: sha512-RKYVTCjAnRthyJes037NX/IiqeidgN1xc3j1RjFfECFp28A1GVwK9nA+i0rJPaHqSZwygLzRnFlzUuHFoWWy+Q==}
    engines: {node: '>=6'}

  libphonenumber-js@1.11.19:
    resolution: {integrity: sha512-bW/Yp/9dod6fmyR+XqSUL1N5JE7QRxQ3KrBIbYS1FTv32e5i3SEtQVX+71CYNv8maWNSOgnlCoNp9X78f/cKiA==}

  reflect-metadata@0.2.2:
    resolution: {integrity: sha512-urBwgfrvVP/eAyXx4hluJivBKzuEbSQs9rKWCrCkbSxNv8mxPcUZKeuoF3Uy4mJl3Lwprp6yy5/39VWigZ4K6Q==}

  rxjs@7.8.1:
    resolution: {integrity: sha512-AA3TVj+0A2iuIoQkWEK/tqFjBq2j+6PO6Y0zJcvzLAFhEFIO3HL0vls9hWLncZbAAbK0mar7oZ4V079I/qPMxg==}

  tslib@2.8.1:
    resolution: {integrity: sha512-oJFu94HQb+KVduSUQL7wnpmqnfmLsOA/nAh6b6EH0wCEoK0/mPeXU6c3wKDV83MkOuHPRHtSXKKU99IBazS/2w==}

  typescript@5.7.3:
    resolution: {integrity: sha512-84MVSjMEHP+FQRPy3pX9sTVV/INIex71s9TL2Gm5FG/WG1SqXeKyZ0k7/blY/4FdOzI12CBy1vGc4og/eus0fw==}
    engines: {node: '>=14.17'}
    hasBin: true

  uid@2.0.2:
    resolution: {integrity: sha512-u3xV3X7uzvi5b1MncmZo3i2Aw222Zk1keqLA1YkHldREkAhAqi65wuPfe7lHx8H/Wzy+8CE7S7uS3jekIM5s8g==}
    engines: {node: '>=8'}

  undici-types@6.20.0:
    resolution: {integrity: sha512-Ny6QZ2Nju20vw1SRHe3d9jVu6gJ+4e3+MMpqu7pqE5HT6WsTSlce++GQmK5UXS8mzV8DSYHrQH+Xrf2jVcuKNg==}

  validator@13.12.0:
    resolution: {integrity: sha512-c1Q0mCiPlgdTVVVIJIrBuxNicYE+t/7oKeI9MWLj3fh/uq2Pxh/3eeWbVZ4OcGW1TUf53At0njHw5SMdA3tmMg==}
    engines: {node: '>= 0.10'}

snapshots:

  '@lukeed/csprng@1.1.0': {}

  '@nestjs/common@11.0.9(class-transformer@0.5.1)(class-validator@0.14.1)(reflect-metadata@0.2.2)(rxjs@7.8.1)':
    dependencies:
      iterare: 1.2.1
      reflect-metadata: 0.2.2
      rxjs: 7.8.1
      tslib: 2.8.1
      uid: 2.0.2
    optionalDependencies:
      class-transformer: 0.5.1
      class-validator: 0.14.1

  '@nestjs/mapped-types@2.1.0(@nestjs/common@11.0.9(class-transformer@0.5.1)(class-validator@0.14.1)(reflect-metadata@0.2.2)(rxjs@7.8.1))(class-transformer@0.5.1)(class-validator@0.14.1)(reflect-metadata@0.2.2)':
    dependencies:
      '@nestjs/common': 11.0.9(class-transformer@0.5.1)(class-validator@0.14.1)(reflect-metadata@0.2.2)(rxjs@7.8.1)
      reflect-metadata: 0.2.2
    optionalDependencies:
      class-transformer: 0.5.1
      class-validator: 0.14.1

  '@types/node@22.13.2':
    dependencies:
      undici-types: 6.20.0

  '@types/validator@13.12.2': {}

  class-transformer@0.5.1: {}

  class-validator@0.14.1:
    dependencies:
      '@types/validator': 13.12.2
      libphonenumber-js: 1.11.19
      validator: 13.12.0

  iterare@1.2.1: {}

  libphonenumber-js@1.11.19: {}

  reflect-metadata@0.2.2: {}

  rxjs@7.8.1:
    dependencies:
      tslib: 2.8.1

  tslib@2.8.1: {}

  typescript@5.7.3: {}

  uid@2.0.2:
    dependencies:
      '@lukeed/csprng': 1.1.0

  undici-types@6.20.0: {}

  validator@13.12.0: {}
